
Microsoft Visual Studio Solution File, Format Version 12.00
# Visual Studio 15
VisualStudioVersion = 15.0.26510.0
MinimumVisualStudioVersion = 10.0.40219.1
Project("{2150E333-8FDC-42A3-9474-1A3956D46DE8}") = "src", "src", "{B3847C6A-A387-45AE-B697-7020F93A7120}"
EndProject
Project("{2150E333-8FDC-42A3-9474-1A3956D46DE8}") = "test", "test", "{FE73F713-B16C-4252-8D4F-291961822887}"
EndProject
Project("{FAE04EC0-301F-11D3-BF4B-00C04F79EFBC}") = "Flee", "src\Flee\Flee.csproj", "{9BB53F0F-DE40-469D-A75B-F8D0140969B5}"
EndProject
Project("{FAE04EC0-301F-11D3-BF4B-00C04F79EFBC}") = "Flee.Test", "test\Flee.Test\Flee.Test.csproj", "{55EA6F5A-3C4D-431F-A576-85F44B513FD3}"
EndProject
Project("{9A19103F-16F7-4668-BE54-9A1E7A4F7556}") = "Flee.NetCore", "src\Flee.NetCore\Flee.NetCore.csproj", "{CEB023A4-10D2-40DC-872B-D097227621ED}"
EndProject
Project("{9A19103F-16F7-4668-BE54-9A1E7A4F7556}") = "Flee.Console", "test\Flee.Console\Flee.Console.csproj", "{E813C04F-7C8F-4033-9502-AC3D80158117}"
EndProject
Global
	GlobalSection(SolutionConfigurationPlatforms) = preSolution
		Debug|Any CPU = Debug|Any CPU
		Release|Any CPU = Release|Any CPU
	EndGlobalSection
	GlobalSection(ProjectConfigurationPlatforms) = postSolution
		{9BB53F0F-DE40-469D-A75B-F8D0140969B5}.Debug|Any CPU.ActiveCfg = Debug|Any CPU
		{9BB53F0F-DE40-469D-A75B-F8D0140969B5}.Debug|Any CPU.Build.0 = Debug|Any CPU
		{9BB53F0F-DE40-469D-A75B-F8D0140969B5}.Release|Any CPU.ActiveCfg = Release|Any CPU
		{9BB53F0F-DE40-469D-A75B-F8D0140969B5}.Release|Any CPU.Build.0 = Release|Any CPU
		{55EA6F5A-3C4D-431F-A576-85F44B513FD3}.Debug|Any CPU.ActiveCfg = Debug|Any CPU
		{55EA6F5A-3C4D-431F-A576-85F44B513FD3}.Debug|Any CPU.Build.0 = Debug|Any CPU
		{55EA6F5A-3C4D-431F-A576-85F44B513FD3}.Release|Any CPU.ActiveCfg = Release|Any CPU
		{55EA6F5A-3C4D-431F-A576-85F44B513FD3}.Release|Any CPU.Build.0 = Release|Any CPU
		{CEB023A4-10D2-40DC-872B-D097227621ED}.Debug|Any CPU.ActiveCfg = Debug|Any CPU
		{CEB023A4-10D2-40DC-872B-D097227621ED}.Debug|Any CPU.Build.0 = Debug|Any CPU
		{CEB023A4-10D2-40DC-872B-D097227621ED}.Release|Any CPU.ActiveCfg = Release|Any CPU
		{CEB023A4-10D2-40DC-872B-D097227621ED}.Release|Any CPU.Build.0 = Release|Any CPU
		{E813C04F-7C8F-4033-9502-AC3D80158117}.Debug|Any CPU.ActiveCfg = Debug|Any CPU
		{E813C04F-7C8F-4033-9502-AC3D80158117}.Debug|Any CPU.Build.0 = Debug|Any CPU
		{E813C04F-7C8F-4033-9502-AC3D80158117}.Release|Any CPU.ActiveCfg = Release|Any CPU
		{E813C04F-7C8F-4033-9502-AC3D80158117}.Release|Any CPU.Build.0 = Release|Any CPU
	EndGlobalSection
	GlobalSection(SolutionProperties) = preSolution
		HideSolutionNode = FALSE
	EndGlobalSection
	GlobalSection(NestedProjects) = preSolution
		{9BB53F0F-DE40-469D-A75B-F8D0140969B5} = {B3847C6A-A387-45AE-B697-7020F93A7120}
		{55EA6F5A-3C4D-431F-A576-85F44B513FD3} = {FE73F713-B16C-4252-8D4F-291961822887}
		{CEB023A4-10D2-40DC-872B-D097227621ED} = {B3847C6A-A387-45AE-B697-7020F93A7120}
		{E813C04F-7C8F-4033-9502-AC3D80158117} = {FE73F713-B16C-4252-8D4F-291961822887}
	EndGlobalSection
EndGlobal
